
Microsoft Visual Studio Solution File, Format Version 12.00
# Visual Studio Version 16
VisualStudioVersion = 16.0.30011.22
MinimumVisualStudioVersion = 10.0.40219.1
Project("{9A19103F-16F7-4668-BE54-9A1E7A4F7556}") = "WindowsFirewallPowershellHelper.ConsoleApp", "WindowsFirewallPowershellHelper.ConsoleApp\WindowsFirewallPowershellHelper.ConsoleApp.csproj", "{ED021464-062B-403D-98BC-725BB3C31561}"
EndProject
Project("{9A19103F-16F7-4668-BE54-9A1E7A4F7556}") = "WindowsFirewallPowershellHelper", "..\WindowsFirewallPowershellHelper\WindowsFirewallPowershellHelper\WindowsFirewallPowershellHelper.csproj", "{F65E47E9-7582-4496-BD1E-8D1F0F5DE557}"
EndProject
Project("{FAE04EC0-301F-11D3-BF4B-00C04F79EFBC}") = "WindowsFirewallPowershellHelper.Data", "WindowsFirewallPowershellHelper.Data\WindowsFirewallPowershellHelper.Data.csproj", "{CE365554-3F5D-4288-9D10-7C97C01AA826}"
EndProject
Global
	GlobalSection(SolutionConfigurationPlatforms) = preSolution
		Debug|Any CPU = Debug|Any CPU
		Release|Any CPU = Release|Any CPU
	EndGlobalSection
	GlobalSection(ProjectConfigurationPlatforms) = postSolution
		{ED021464-062B-403D-98BC-725BB3C31561}.Debug|Any CPU.ActiveCfg = Debug|Any CPU
		{ED021464-062B-403D-98BC-725BB3C31561}.Debug|Any CPU.Build.0 = Debug|Any CPU
		{ED021464-062B-403D-98BC-725BB3C31561}.Release|Any CPU.ActiveCfg = Release|Any CPU
		{ED021464-062B-403D-98BC-725BB3C31561}.Release|Any CPU.Build.0 = Release|Any CPU
		{F65E47E9-7582-4496-BD1E-8D1F0F5DE557}.Debug|Any CPU.ActiveCfg = Debug|Any CPU
		{F65E47E9-7582-4496-BD1E-8D1F0F5DE557}.Debug|Any CPU.Build.0 = Debug|Any CPU
		{F65E47E9-7582-4496-BD1E-8D1F0F5DE557}.Release|Any CPU.ActiveCfg = Release|Any CPU
		{F65E47E9-7582-4496-BD1E-8D1F0F5DE557}.Release|Any CPU.Build.0 = Release|Any CPU
		{CE365554-3F5D-4288-9D10-7C97C01AA826}.Debug|Any CPU.ActiveCfg = Debug|Any CPU
		{CE365554-3F5D-4288-9D10-7C97C01AA826}.Debug|Any CPU.Build.0 = Debug|Any CPU
		{CE365554-3F5D-4288-9D10-7C97C01AA826}.Release|Any CPU.ActiveCfg = Release|Any CPU
		{CE365554-3F5D-4288-9D10-7C97C01AA826}.Release|Any CPU.Build.0 = Release|Any CPU
	EndGlobalSection
	GlobalSection(SolutionProperties) = preSolution
		HideSolutionNode = FALSE
	EndGlobalSection
	GlobalSection(ExtensibilityGlobals) = postSolution
		SolutionGuid = {5C80C39A-7EE7-4BED-B858-F5356CBB4494}
	EndGlobalSection
EndGlobal
